dependencies:
  denis-gz/ssd1306:
    component_hash: 67d52286c35b6d796752cd13c4f3dc1ab56803cac42e5580cde85311f3aa7a61
    dependencies: []
    source:
      git: https://github.com/denis-gz/esp-idf-ssd1306.git
      path: components/ssd1306/
      type: git
    version: 15ee4d4770729148d1889fb3e9f68b51fbbfe05b
  espressif/esp-dsp:
    component_hash: ed9ac175b14e0414399a2b33c525579414b5bad19a2a67b12ea212def96f9a98
    dependencies:
    - name: idf
      require: private
      version: '>=4.2'
    source:
      registry_url: https://components.espressif.com/
      type: service
    version: 1.8.2
  idf:
    source:
      type: idf
    version: 5.5.4
direct_dependencies:
- denis-gz/ssd1306
- espressif/esp-dsp
- idf
manifest_hash: 75e9441d0b0a27515ed9f064f26525ff1410f10197de543cc5bb4b868ff94b72
target: esp32s3
version: 2.0.0
